
Microsoft Visual Studio Solution File, Format Version 12.00
# Visual Studio 14
VisualStudioVersion = 14.0.25420.1
MinimumVisualStudioVersion = 10.0.40219.1
Project("{8BC9CEB8-8B4A-11D0-8D11-00A0C91BC942}") = "sumofdigits", "Test\Test.vcxproj", "{EB660969-7605-4D5F-9A32-E3150D454605}"
EndProject
Project("{8BC9CEB8-8B4A-11D0-8D11-00A0C91BC942}") = "rotateint", "..\rotateint\rotateint.vcxproj", "{61B1F909-2CC8-4CCA-B591-885037A36C46}"
EndProject
Project("{8BC9CEB8-8B4A-11D0-8D11-00A0C91BC942}") = "rateofinterest", "..\rateofinterest\rateofinterest.vcxproj", "{BC844C75-1F5E-4A63-8D14-EDC20241DC7C}"
EndProject
Project("{8BC9CEB8-8B4A-11D0-8D11-00A0C91BC942}") = "pattern", "..\pattern\pattern.vcxproj", "{A768B8B3-9421-4CF2-AE8F-A49EF73FBF48}"
EndProject
Project("{8BC9CEB8-8B4A-11D0-8D11-00A0C91BC942}") = "palindrome", "..\palindrome\palindrome.vcxproj", "{A183875D-5413-4940-AD83-B3DEBAFDF4F3}"
EndProject
Project("{8BC9CEB8-8B4A-11D0-8D11-00A0C91BC942}") = "armstrong", "..\armstrong\armstrong.vcxproj", "{E11317AD-ACC0-4DE1-B82A-6867F88A37D8}"
EndProject
Project("{8BC9CEB8-8B4A-11D0-8D11-00A0C91BC942}") = "factorial", "..\factorial\factorial.vcxproj", "{88D45AAA-4C94-4823-8961-93E136F2A418}"
EndProject
Project("{8BC9CEB8-8B4A-11D0-8D11-00A0C91BC942}") = "Prime", "..\Prime\Prime.vcxproj", "{C2C3FC32-16FA-4301-9A28-27C2E75C4737}"
EndProject
Project("{8BC9CEB8-8B4A-11D0-8D11-00A0C91BC942}") = "reverse", "..\reverse\reverse.vcxproj", "{116B0B39-1908-4885-A8AE-8C457EA6138F}"
EndProject
Project("{8BC9CEB8-8B4A-11D0-8D11-00A0C91BC942}") = "bintodec", "..\bintodec\bintodec.vcxproj", "{B57C61AA-128E-4877-B194-85D72422F824}"
EndProject
Project("{8BC9CEB8-8B4A-11D0-8D11-00A0C91BC942}") = "hextodec", "..\hextodec\hextodec.vcxproj", "{3B4147A1-48DC-4534-A35E-F04270A9EAA6}"
EndProject
Project("{8BC9CEB8-8B4A-11D0-8D11-00A0C91BC942}") = "sort", "..\sort\sort.vcxproj", "{055FBF92-C0DB-4BA3-B3B9-2B7837F03AA6}"
EndProject
Project("{8BC9CEB8-8B4A-11D0-8D11-00A0C91BC942}") = "ones", "..\ones\ones.vcxproj", "{308549A1-F6B6-4FAA-B3FB-0AAC185404FC}"
EndProject
Project("{8BC9CEB8-8B4A-11D0-8D11-00A0C91BC942}") = "hexoper", "..\hexoper\hexoper.vcxproj", "{8F1663C8-7371-4867-BBB0-B8B9D174DACE}"
EndProject
Project("{8BC9CEB8-8B4A-11D0-8D11-00A0C91BC942}") = "meaning", "..\meaning\meaning.vcxproj", "{A022070F-5F84-42D9-B484-F83C85E959E4}"
EndProject
Project("{8BC9CEB8-8B4A-11D0-8D11-00A0C91BC942}") = "sumindex", "..\sumindex\sumindex.vcxproj", "{6CA32C67-8BB0-4914-B5B3-40F361C5D646}"
EndProject
Project("{8BC9CEB8-8B4A-11D0-8D11-00A0C91BC942}") = "accept", "..\Assignment 1\accept\accept.vcxproj", "{7645CA8A-F855-4060-AFD9-CC821ED8B7DF}"
EndProject
Project("{8BC9CEB8-8B4A-11D0-8D11-00A0C91BC942}") = "chars", "..\Assignment 1\chars\chars.vcxproj", "{748EEDAC-CBB9-49C1-BAD1-4E9997CE8C2C}"
EndProject
Project("{8BC9CEB8-8B4A-11D0-8D11-00A0C91BC942}") = "salary", "..\Assignment 1\salary\salary.vcxproj", "{4CE4EEE0-0B4D-4EDD-8778-4A24B4867AD7}"
EndProject
Project("{8BC9CEB8-8B4A-11D0-8D11-00A0C91BC942}") = "fivebinary", "..\Assignment 1\fivebinary\fivebinary.vcxproj", "{3A1E9C7C-BB56-4CE3-882E-14A996B6BF26}"
EndProject
Project("{8BC9CEB8-8B4A-11D0-8D11-00A0C91BC942}") = "invert", "..\Assignment 1\invert\invert.vcxproj", "{2C884809-4F86-4975-98CC-BB72F805C403}"
EndProject
Project("{8BC9CEB8-8B4A-11D0-8D11-00A0C91BC942}") = "baseconv", "..\Assignment 1\baseconv\baseconv.vcxproj", "{BA2565BE-C2D9-4D42-9DDB-967EA132F8D6}"
EndProject
Project("{8BC9CEB8-8B4A-11D0-8D11-00A0C91BC942}") = "multifile", "..\Assignment 1\multifile\multifile.vcxproj", "{C024BB45-E8E0-43D2-B9AD-AF0781A37ABE}"
EndProject
Project("{8BC9CEB8-8B4A-11D0-8D11-00A0C91BC942}") = "cafe", "..\Assignment 1\cafe\cafe.vcxproj", "{26EBC992-1085-40F2-8FAF-EBF424E6F995}"
EndProject
Project("{8BC9CEB8-8B4A-11D0-8D11-00A0C91BC942}") = "first", "..\Assignment 4\first\first.vcxproj", "{3C3EEAF0-6897-4346-9D61-CD30C195F338}"
EndProject
Project("{8BC9CEB8-8B4A-11D0-8D11-00A0C91BC942}") = "second", "..\Assignment 4\second\second.vcxproj", "{64C18588-B31F-4C1A-9D80-16A5F350A781}"
EndProject
Project("{8BC9CEB8-8B4A-11D0-8D11-00A0C91BC942}") = "third", "..\Assignment 4\third\third.vcxproj", "{90CA0D34-0E33-44E4-9720-17A58E9EE5A2}"
EndProject
Project("{8BC9CEB8-8B4A-11D0-8D11-00A0C91BC942}") = "fourth", "..\Assignment 4\fourth\fourth.vcxproj", "{03A3A6DF-8FF8-4DDF-A237-F3EAF965D33F}"
EndProject
Project("{8BC9CEB8-8B4A-11D0-8D11-00A0C91BC942}") = "Assessment", "..\Assessment\Assessment\Assessment.vcxproj", "{A24EC32C-F98C-40EA-89BB-23B2E425D783}"
EndProject
Global
	GlobalSection(SolutionConfigurationPlatforms) = preSolution
		Debug|x64 = Debug|x64
		Debug|x86 = Debug|x86
		Release|x64 = Release|x64
		Release|x86 = Release|x86
	EndGlobalSection
	GlobalSection(ProjectConfigurationPlatforms) = postSolution
		{EB660969-7605-4D5F-9A32-E3150D454605}.Debug|x64.ActiveCfg = Debug|x64
		{EB660969-7605-4D5F-9A32-E3150D454605}.Debug|x64.Build.0 = Debug|x64
		{EB660969-7605-4D5F-9A32-E3150D454605}.Debug|x86.ActiveCfg = Debug|Win32
		{EB660969-7605-4D5F-9A32-E3150D454605}.Debug|x86.Build.0 = Debug|Win32
		{EB660969-7605-4D5F-9A32-E3150D454605}.Release|x64.ActiveCfg = Release|x64
		{EB660969-7605-4D5F-9A32-E3150D454605}.Release|x64.Build.0 = Release|x64
		{EB660969-7605-4D5F-9A32-E3150D454605}.Release|x86.ActiveCfg = Release|Win32
		{EB660969-7605-4D5F-9A32-E3150D454605}.Release|x86.Build.0 = Release|Win32
		{61B1F909-2CC8-4CCA-B591-885037A36C46}.Debug|x64.ActiveCfg = Debug|x64
		{61B1F909-2CC8-4CCA-B591-885037A36C46}.Debug|x64.Build.0 = Debug|x64
		{61B1F909-2CC8-4CCA-B591-885037A36C46}.Debug|x86.ActiveCfg = Debug|Win32
		{61B1F909-2CC8-4CCA-B591-885037A36C46}.Debug|x86.Build.0 = Debug|Win32
		{61B1F909-2CC8-4CCA-B591-885037A36C46}.Release|x64.ActiveCfg = Release|x64
		{61B1F909-2CC8-4CCA-B591-885037A36C46}.Release|x64.Build.0 = Release|x64
		{61B1F909-2CC8-4CCA-B591-885037A36C46}.Release|x86.ActiveCfg = Release|Win32
		{61B1F909-2CC8-4CCA-B591-885037A36C46}.Release|x86.Build.0 = Release|Win32
		{BC844C75-1F5E-4A63-8D14-EDC20241DC7C}.Debug|x64.ActiveCfg = Debug|x64
		{BC844C75-1F5E-4A63-8D14-EDC20241DC7C}.Debug|x64.Build.0 = Debug|x64
		{BC844C75-1F5E-4A63-8D14-EDC20241DC7C}.Debug|x86.ActiveCfg = Debug|Win32
		{BC844C75-1F5E-4A63-8D14-EDC20241DC7C}.Debug|x86.Build.0 = Debug|Win32
		{BC844C75-1F5E-4A63-8D14-EDC20241DC7C}.Release|x64.ActiveCfg = Release|x64
		{BC844C75-1F5E-4A63-8D14-EDC20241DC7C}.Release|x64.Build.0 = Release|x64
		{BC844C75-1F5E-4A63-8D14-EDC20241DC7C}.Release|x86.ActiveCfg = Release|Win32
		{BC844C75-1F5E-4A63-8D14-EDC20241DC7C}.Release|x86.Build.0 = Release|Win32
		{A768B8B3-9421-4CF2-AE8F-A49EF73FBF48}.Debug|x64.ActiveCfg = Debug|x64
		{A768B8B3-9421-4CF2-AE8F-A49EF73FBF48}.Debug|x64.Build.0 = Debug|x64
		{A768B8B3-9421-4CF2-AE8F-A49EF73FBF48}.Debug|x86.ActiveCfg = Debug|Win32
		{A768B8B3-9421-4CF2-AE8F-A49EF73FBF48}.Debug|x86.Build.0 = Debug|Win32
		{A768B8B3-9421-4CF2-AE8F-A49EF73FBF48}.Release|x64.ActiveCfg = Release|x64
		{A768B8B3-9421-4CF2-AE8F-A49EF73FBF48}.Release|x64.Build.0 = Release|x64
		{A768B8B3-9421-4CF2-AE8F-A49EF73FBF48}.Release|x86.ActiveCfg = Release|Win32
		{A768B8B3-9421-4CF2-AE8F-A49EF73FBF48}.Release|x86.Build.0 = Release|Win32
		{A183875D-5413-4940-AD83-B3DEBAFDF4F3}.Debug|x64.ActiveCfg = Debug|x64
		{A183875D-5413-4940-AD83-B3DEBAFDF4F3}.Debug|x64.Build.0 = Debug|x64
		{A183875D-5413-4940-AD83-B3DEBAFDF4F3}.Debug|x86.ActiveCfg = Debug|Win32
		{A183875D-5413-4940-AD83-B3DEBAFDF4F3}.Debug|x86.Build.0 = Debug|Win32
		{A183875D-5413-4940-AD83-B3DEBAFDF4F3}.Release|x64.ActiveCfg = Release|x64
		{A183875D-5413-4940-AD83-B3DEBAFDF4F3}.Release|x64.Build.0 = Release|x64
		{A183875D-5413-4940-AD83-B3DEBAFDF4F3}.Release|x86.ActiveCfg = Release|Win32
		{A183875D-5413-4940-AD83-B3DEBAFDF4F3}.Release|x86.Build.0 = Release|Win32
		{E11317AD-ACC0-4DE1-B82A-6867F88A37D8}.Debug|x64.ActiveCfg = Debug|x64
		{E11317AD-ACC0-4DE1-B82A-6867F88A37D8}.Debug|x64.Build.0 = Debug|x64
		{E11317AD-ACC0-4DE1-B82A-6867F88A37D8}.Debug|x86.ActiveCfg = Debug|Win32
		{E11317AD-ACC0-4DE1-B82A-6867F88A37D8}.Debug|x86.Build.0 = Debug|Win32
		{E11317AD-ACC0-4DE1-B82A-6867F88A37D8}.Release|x64.ActiveCfg = Release|x64
		{E11317AD-ACC0-4DE1-B82A-6867F88A37D8}.Release|x64.Build.0 = Release|x64
		{E11317AD-ACC0-4DE1-B82A-6867F88A37D8}.Release|x86.ActiveCfg = Release|Win32
		{E11317AD-ACC0-4DE1-B82A-6867F88A37D8}.Release|x86.Build.0 = Release|Win32
		{88D45AAA-4C94-4823-8961-93E136F2A418}.Debug|x64.ActiveCfg = Debug|x64
		{88D45AAA-4C94-4823-8961-93E136F2A418}.Debug|x64.Build.0 = Debug|x64
		{88D45AAA-4C94-4823-8961-93E136F2A418}.Debug|x86.ActiveCfg = Debug|Win32
		{88D45AAA-4C94-4823-8961-93E136F2A418}.Debug|x86.Build.0 = Debug|Win32
		{88D45AAA-4C94-4823-8961-93E136F2A418}.Release|x64.ActiveCfg = Release|x64
		{88D45AAA-4C94-4823-8961-93E136F2A418}.Release|x64.Build.0 = Release|x64
		{88D45AAA-4C94-4823-8961-93E136F2A418}.Release|x86.ActiveCfg = Release|Win32
		{88D45AAA-4C94-4823-8961-93E136F2A418}.Release|x86.Build.0 = Release|Win32
		{C2C3FC32-16FA-4301-9A28-27C2E75C4737}.Debug|x64.ActiveCfg = Debug|x64
		{C2C3FC32-16FA-4301-9A28-27C2E75C4737}.Debug|x64.Build.0 = Debug|x64
		{C2C3FC32-16FA-4301-9A28-27C2E75C4737}.Debug|x86.ActiveCfg = Debug|Win32
		{C2C3FC32-16FA-4301-9A28-27C2E75C4737}.Debug|x86.Build.0 = Debug|Win32
		{C2C3FC32-16FA-4301-9A28-27C2E75C4737}.Release|x64.ActiveCfg = Release|x64
		{C2C3FC32-16FA-4301-9A28-27C2E75C4737}.Release|x64.Build.0 = Release|x64
		{C2C3FC32-16FA-4301-9A28-27C2E75C4737}.Release|x86.ActiveCfg = Release|Win32
		{C2C3FC32-16FA-4301-9A28-27C2E75C4737}.Release|x86.Build.0 = Release|Win32
		{116B0B39-1908-4885-A8AE-8C457EA6138F}.Debug|x64.ActiveCfg = Debug|x64
		{116B0B39-1908-4885-A8AE-8C457EA6138F}.Debug|x64.Build.0 = Debug|x64
		{116B0B39-1908-4885-A8AE-8C457EA6138F}.Debug|x86.ActiveCfg = Debug|Win32
		{116B0B39-1908-4885-A8AE-8C457EA6138F}.Debug|x86.Build.0 = Debug|Win32
		{116B0B39-1908-4885-A8AE-8C457EA6138F}.Release|x64.ActiveCfg = Release|x64
		{116B0B39-1908-4885-A8AE-8C457EA6138F}.Release|x64.Build.0 = Release|x64
		{116B0B39-1908-4885-A8AE-8C457EA6138F}.Release|x86.ActiveCfg = Release|Win32
		{116B0B39-1908-4885-A8AE-8C457EA6138F}.Release|x86.Build.0 = Release|Win32
		{B57C61AA-128E-4877-B194-85D72422F824}.Debug|x64.ActiveCfg = Debug|x64
		{B57C61AA-128E-4877-B194-85D72422F824}.Debug|x64.Build.0 = Debug|x64
		{B57C61AA-128E-4877-B194-85D72422F824}.Debug|x86.ActiveCfg = Debug|Win32
		{B57C61AA-128E-4877-B194-85D72422F824}.Debug|x86.Build.0 = Debug|Win32
		{B57C61AA-128E-4877-B194-85D72422F824}.Release|x64.ActiveCfg = Release|x64
		{B57C61AA-128E-4877-B194-85D72422F824}.Release|x64.Build.0 = Release|x64
		{B57C61AA-128E-4877-B194-85D72422F824}.Release|x86.ActiveCfg = Release|Win32
		{B57C61AA-128E-4877-B194-85D72422F824}.Release|x86.Build.0 = Release|Win32
		{3B4147A1-48DC-4534-A35E-F04270A9EAA6}.Debug|x64.ActiveCfg = Debug|x64
		{3B4147A1-48DC-4534-A35E-F04270A9EAA6}.Debug|x64.Build.0 = Debug|x64
		{3B4147A1-48DC-4534-A35E-F04270A9EAA6}.Debug|x86.ActiveCfg = Debug|Win32
		{3B4147A1-48DC-4534-A35E-F04270A9EAA6}.Debug|x86.Build.0 = Debug|Win32
		{3B4147A1-48DC-4534-A35E-F04270A9EAA6}.Release|x64.ActiveCfg = Release|x64
		{3B4147A1-48DC-4534-A35E-F04270A9EAA6}.Release|x64.Build.0 = Release|x64
		{3B4147A1-48DC-4534-A35E-F04270A9EAA6}.Release|x86.ActiveCfg = Release|Win32
		{3B4147A1-48DC-4534-A35E-F04270A9EAA6}.Release|x86.Build.0 = Release|Win32
		{055FBF92-C0DB-4BA3-B3B9-2B7837F03AA6}.Debug|x64.ActiveCfg = Debug|x64
		{055FBF92-C0DB-4BA3-B3B9-2B7837F03AA6}.Debug|x64.Build.0 = Debug|x64
		{055FBF92-C0DB-4BA3-B3B9-2B7837F03AA6}.Debug|x86.ActiveCfg = Debug|Win32
		{055FBF92-C0DB-4BA3-B3B9-2B7837F03AA6}.Debug|x86.Build.0 = Debug|Win32
		{055FBF92-C0DB-4BA3-B3B9-2B7837F03AA6}.Release|x64.ActiveCfg = Release|x64
		{055FBF92-C0DB-4BA3-B3B9-2B7837F03AA6}.Release|x64.Build.0 = Release|x64
		{055FBF92-C0DB-4BA3-B3B9-2B7837F03AA6}.Release|x86.ActiveCfg = Release|Win32
		{055FBF92-C0DB-4BA3-B3B9-2B7837F03AA6}.Release|x86.Build.0 = Release|Win32
		{308549A1-F6B6-4FAA-B3FB-0AAC185404FC}.Debug|x64.ActiveCfg = Debug|x64
		{308549A1-F6B6-4FAA-B3FB-0AAC185404FC}.Debug|x64.Build.0 = Debug|x64
		{308549A1-F6B6-4FAA-B3FB-0AAC185404FC}.Debug|x86.ActiveCfg = Debug|Win32
		{308549A1-F6B6-4FAA-B3FB-0AAC185404FC}.Debug|x86.Build.0 = Debug|Win32
		{308549A1-F6B6-4FAA-B3FB-0AAC185404FC}.Release|x64.ActiveCfg = Release|x64
		{308549A1-F6B6-4FAA-B3FB-0AAC185404FC}.Release|x64.Build.0 = Release|x64
		{308549A1-F6B6-4FAA-B3FB-0AAC185404FC}.Release|x86.ActiveCfg = Release|Win32
		{308549A1-F6B6-4FAA-B3FB-0AAC185404FC}.Release|x86.Build.0 = Release|Win32
		{8F1663C8-7371-4867-BBB0-B8B9D174DACE}.Debug|x64.ActiveCfg = Debug|x64
		{8F1663C8-7371-4867-BBB0-B8B9D174DACE}.Debug|x64.Build.0 = Debug|x64
		{8F1663C8-7371-4867-BBB0-B8B9D174DACE}.Debug|x86.ActiveCfg = Debug|Win32
		{8F1663C8-7371-4867-BBB0-B8B9D174DACE}.Debug|x86.Build.0 = Debug|Win32
		{8F1663C8-7371-4867-BBB0-B8B9D174DACE}.Release|x64.ActiveCfg = Release|x64
		{8F1663C8-7371-4867-BBB0-B8B9D174DACE}.Release|x64.Build.0 = Release|x64
		{8F1663C8-7371-4867-BBB0-B8B9D174DACE}.Release|x86.ActiveCfg = Release|Win32
		{8F1663C8-7371-4867-BBB0-B8B9D174DACE}.Release|x86.Build.0 = Release|Win32
		{A022070F-5F84-42D9-B484-F83C85E959E4}.Debug|x64.ActiveCfg = Debug|x64
		{A022070F-5F84-42D9-B484-F83C85E959E4}.Debug|x64.Build.0 = Debug|x64
		{A022070F-5F84-42D9-B484-F83C85E959E4}.Debug|x86.ActiveCfg = Debug|Win32
		{A022070F-5F84-42D9-B484-F83C85E959E4}.Debug|x86.Build.0 = Debug|Win32
		{A022070F-5F84-42D9-B484-F83C85E959E4}.Release|x64.ActiveCfg = Release|x64
		{A022070F-5F84-42D9-B484-F83C85E959E4}.Release|x64.Build.0 = Release|x64
		{A022070F-5F84-42D9-B484-F83C85E959E4}.Release|x86.ActiveCfg = Release|Win32
		{A022070F-5F84-42D9-B484-F83C85E959E4}.Release|x86.Build.0 = Release|Win32
		{6CA32C67-8BB0-4914-B5B3-40F361C5D646}.Debug|x64.ActiveCfg = Debug|x64
		{6CA32C67-8BB0-4914-B5B3-40F361C5D646}.Debug|x64.Build.0 = Debug|x64
		{6CA32C67-8BB0-4914-B5B3-40F361C5D646}.Debug|x86.ActiveCfg = Debug|Win32
		{6CA32C67-8BB0-4914-B5B3-40F361C5D646}.Debug|x86.Build.0 = Debug|Win32
		{6CA32C67-8BB0-4914-B5B3-40F361C5D646}.Release|x64.ActiveCfg = Release|x64
		{6CA32C67-8BB0-4914-B5B3-40F361C5D646}.Release|x64.Build.0 = Release|x64
		{6CA32C67-8BB0-4914-B5B3-40F361C5D646}.Release|x86.ActiveCfg = Release|Win32
		{6CA32C67-8BB0-4914-B5B3-40F361C5D646}.Release|x86.Build.0 = Release|Win32
		{7645CA8A-F855-4060-AFD9-CC821ED8B7DF}.Debug|x64.ActiveCfg = Debug|x64
		{7645CA8A-F855-4060-AFD9-CC821ED8B7DF}.Debug|x64.Build.0 = Debug|x64
		{7645CA8A-F855-4060-AFD9-CC821ED8B7DF}.Debug|x86.ActiveCfg = Debug|Win32
		{7645CA8A-F855-4060-AFD9-CC821ED8B7DF}.Debug|x86.Build.0 = Debug|Win32
		{7645CA8A-F855-4060-AFD9-CC821ED8B7DF}.Release|x64.ActiveCfg = Release|x64
		{7645CA8A-F855-4060-AFD9-CC821ED8B7DF}.Release|x64.Build.0 = Release|x64
		{7645CA8A-F855-4060-AFD9-CC821ED8B7DF}.Release|x86.ActiveCfg = Release|Win32
		{7645CA8A-F855-4060-AFD9-CC821ED8B7DF}.Release|x86.Build.0 = Release|Win32
		{748EEDAC-CBB9-49C1-BAD1-4E9997CE8C2C}.Debug|x64.ActiveCfg = Debug|x64
		{748EEDAC-CBB9-49C1-BAD1-4E9997CE8C2C}.Debug|x64.Build.0 = Debug|x64
		{748EEDAC-CBB9-49C1-BAD1-4E9997CE8C2C}.Debug|x86.ActiveCfg = Debug|Win32
		{748EEDAC-CBB9-49C1-BAD1-4E9997CE8C2C}.Debug|x86.Build.0 = Debug|Win32
		{748EEDAC-CBB9-49C1-BAD1-4E9997CE8C2C}.Release|x64.ActiveCfg = Release|x64
		{748EEDAC-CBB9-49C1-BAD1-4E9997CE8C2C}.Release|x64.Build.0 = Release|x64
		{748EEDAC-CBB9-49C1-BAD1-4E9997CE8C2C}.Release|x86.ActiveCfg = Release|Win32
		{748EEDAC-CBB9-49C1-BAD1-4E9997CE8C2C}.Release|x86.Build.0 = Release|Win32
		{4CE4EEE0-0B4D-4EDD-8778-4A24B4867AD7}.Debug|x64.ActiveCfg = Debug|x64
		{4CE4EEE0-0B4D-4EDD-8778-4A24B4867AD7}.Debug|x64.Build.0 = Debug|x64
		{4CE4EEE0-0B4D-4EDD-8778-4A24B4867AD7}.Debug|x86.ActiveCfg = Debug|Win32
		{4CE4EEE0-0B4D-4EDD-8778-4A24B4867AD7}.Debug|x86.Build.0 = Debug|Win32
		{4CE4EEE0-0B4D-4EDD-8778-4A24B4867AD7}.Release|x64.ActiveCfg = Release|x64
		{4CE4EEE0-0B4D-4EDD-8778-4A24B4867AD7}.Release|x64.Build.0 = Release|x64
		{4CE4EEE0-0B4D-4EDD-8778-4A24B4867AD7}.Release|x86.ActiveCfg = Release|Win32
		{4CE4EEE0-0B4D-4EDD-8778-4A24B4867AD7}.Release|x86.Build.0 = Release|Win32
		{3A1E9C7C-BB56-4CE3-882E-14A996B6BF26}.Debug|x64.ActiveCfg = Debug|x64
		{3A1E9C7C-BB56-4CE3-882E-14A996B6BF26}.Debug|x64.Build.0 = Debug|x64
		{3A1E9C7C-BB56-4CE3-882E-14A996B6BF26}.Debug|x86.ActiveCfg = Debug|Win32
		{3A1E9C7C-BB56-4CE3-882E-14A996B6BF26}.Debug|x86.Build.0 = Debug|Win32
		{3A1E9C7C-BB56-4CE3-882E-14A996B6BF26}.Release|x64.ActiveCfg = Release|x64
		{3A1E9C7C-BB56-4CE3-882E-14A996B6BF26}.Release|x64.Build.0 = Release|x64
		{3A1E9C7C-BB56-4CE3-882E-14A996B6BF26}.Release|x86.ActiveCfg = Release|Win32
		{3A1E9C7C-BB56-4CE3-882E-14A996B6BF26}.Release|x86.Build.0 = Release|Win32
		{2C884809-4F86-4975-98CC-BB72F805C403}.Debug|x64.ActiveCfg = Debug|x64
		{2C884809-4F86-4975-98CC-BB72F805C403}.Debug|x64.Build.0 = Debug|x64
		{2C884809-4F86-4975-98CC-BB72F805C403}.Debug|x86.ActiveCfg = Debug|Win32
		{2C884809-4F86-4975-98CC-BB72F805C403}.Debug|x86.Build.0 = Debug|Win32
		{2C884809-4F86-4975-98CC-BB72F805C403}.Release|x64.ActiveCfg = Release|x64
		{2C884809-4F86-4975-98CC-BB72F805C403}.Release|x64.Build.0 = Release|x64
		{2C884809-4F86-4975-98CC-BB72F805C403}.Release|x86.ActiveCfg = Release|Win32
		{2C884809-4F86-4975-98CC-BB72F805C403}.Release|x86.Build.0 = Release|Win32
		{BA2565BE-C2D9-4D42-9DDB-967EA132F8D6}.Debug|x64.ActiveCfg = Debug|x64
		{BA2565BE-C2D9-4D42-9DDB-967EA132F8D6}.Debug|x64.Build.0 = Debug|x64
		{BA2565BE-C2D9-4D42-9DDB-967EA132F8D6}.Debug|x86.ActiveCfg = Debug|Win32
		{BA2565BE-C2D9-4D42-9DDB-967EA132F8D6}.Debug|x86.Build.0 = Debug|Win32
		{BA2565BE-C2D9-4D42-9DDB-967EA132F8D6}.Release|x64.ActiveCfg = Release|x64
		{BA2565BE-C2D9-4D42-9DDB-967EA132F8D6}.Release|x64.Build.0 = Release|x64
		{BA2565BE-C2D9-4D42-9DDB-967EA132F8D6}.Release|x86.ActiveCfg = Release|Win32
		{BA2565BE-C2D9-4D42-9DDB-967EA132F8D6}.Release|x86.Build.0 = Release|Win32
		{C024BB45-E8E0-43D2-B9AD-AF0781A37ABE}.Debug|x64.ActiveCfg = Debug|x64
		{C024BB45-E8E0-43D2-B9AD-AF0781A37ABE}.Debug|x64.Build.0 = Debug|x64
		{C024BB45-E8E0-43D2-B9AD-AF0781A37ABE}.Debug|x86.ActiveCfg = Debug|Win32
		{C024BB45-E8E0-43D2-B9AD-AF0781A37ABE}.Debug|x86.Build.0 = Debug|Win32
		{C024BB45-E8E0-43D2-B9AD-AF0781A37ABE}.Release|x64.ActiveCfg = Release|x64
		{C024BB45-E8E0-43D2-B9AD-AF0781A37ABE}.Release|x64.Build.0 = Release|x64
		{C024BB45-E8E0-43D2-B9AD-AF0781A37ABE}.Release|x86.ActiveCfg = Release|Win32
		{C024BB45-E8E0-43D2-B9AD-AF0781A37ABE}.Release|x86.Build.0 = Release|Win32
		{26EBC992-1085-40F2-8FAF-EBF424E6F995}.Debug|x64.ActiveCfg = Debug|x64
		{26EBC992-1085-40F2-8FAF-EBF424E6F995}.Debug|x64.Build.0 = Debug|x64
		{26EBC992-1085-40F2-8FAF-EBF424E6F995}.Debug|x86.ActiveCfg = Debug|Win32
		{26EBC992-1085-40F2-8FAF-EBF424E6F995}.Debug|x86.Build.0 = Debug|Win32
		{26EBC992-1085-40F2-8FAF-EBF424E6F995}.Release|x64.ActiveCfg = Release|x64
		{26EBC992-1085-40F2-8FAF-EBF424E6F995}.Release|x64.Build.0 = Release|x64
		{26EBC992-1085-40F2-8FAF-EBF424E6F995}.Release|x86.ActiveCfg = Release|Win32
		{26EBC992-1085-40F2-8FAF-EBF424E6F995}.Release|x86.Build.0 = Release|Win32
		{3C3EEAF0-6897-4346-9D61-CD30C195F338}.Debug|x64.ActiveCfg = Debug|x64
		{3C3EEAF0-6897-4346-9D61-CD30C195F338}.Debug|x64.Build.0 = Debug|x64
		{3C3EEAF0-6897-4346-9D61-CD30C195F338}.Debug|x86.ActiveCfg = Debug|Win32
		{3C3EEAF0-6897-4346-9D61-CD30C195F338}.Debug|x86.Build.0 = Debug|Win32
		{3C3EEAF0-6897-4346-9D61-CD30C195F338}.Release|x64.ActiveCfg = Release|x64
		{3C3EEAF0-6897-4346-9D61-CD30C195F338}.Release|x64.Build.0 = Release|x64
		{3C3EEAF0-6897-4346-9D61-CD30C195F338}.Release|x86.ActiveCfg = Release|Win32
		{3C3EEAF0-6897-4346-9D61-CD30C195F338}.Release|x86.Build.0 = Release|Win32
		{64C18588-B31F-4C1A-9D80-16A5F350A781}.Debug|x64.ActiveCfg = Debug|x64
		{64C18588-B31F-4C1A-9D80-16A5F350A781}.Debug|x64.Build.0 = Debug|x64
		{64C18588-B31F-4C1A-9D80-16A5F350A781}.Debug|x86.ActiveCfg = Debug|Win32
		{64C18588-B31F-4C1A-9D80-16A5F350A781}.Debug|x86.Build.0 = Debug|Win32
		{64C18588-B31F-4C1A-9D80-16A5F350A781}.Release|x64.ActiveCfg = Release|x64
		{64C18588-B31F-4C1A-9D80-16A5F350A781}.Release|x64.Build.0 = Release|x64
		{64C18588-B31F-4C1A-9D80-16A5F350A781}.Release|x86.ActiveCfg = Release|Win32
		{64C18588-B31F-4C1A-9D80-16A5F350A781}.Release|x86.Build.0 = Release|Win32
		{90CA0D34-0E33-44E4-9720-17A58E9EE5A2}.Debug|x64.ActiveCfg = Debug|x64
		{90CA0D34-0E33-44E4-9720-17A58E9EE5A2}.Debug|x64.Build.0 = Debug|x64
		{90CA0D34-0E33-44E4-9720-17A58E9EE5A2}.Debug|x86.ActiveCfg = Debug|Win32
		{90CA0D34-0E33-44E4-9720-17A58E9EE5A2}.Debug|x86.Build.0 = Debug|Win32
		{90CA0D34-0E33-44E4-9720-17A58E9EE5A2}.Release|x64.ActiveCfg = Release|x64
		{90CA0D34-0E33-44E4-9720-17A58E9EE5A2}.Release|x64.Build.0 = Release|x64
		{90CA0D34-0E33-44E4-9720-17A58E9EE5A2}.Release|x86.ActiveCfg = Release|Win32
		{90CA0D34-0E33-44E4-9720-17A58E9EE5A2}.Release|x86.Build.0 = Release|Win32
		{03A3A6DF-8FF8-4DDF-A237-F3EAF965D33F}.Debug|x64.ActiveCfg = Debug|x64
		{03A3A6DF-8FF8-4DDF-A237-F3EAF965D33F}.Debug|x64.Build.0 = Debug|x64
		{03A3A6DF-8FF8-4DDF-A237-F3EAF965D33F}.Debug|x86.ActiveCfg = Debug|Win32
		{03A3A6DF-8FF8-4DDF-A237-F3EAF965D33F}.Debug|x86.Build.0 = Debug|Win32
		{03A3A6DF-8FF8-4DDF-A237-F3EAF965D33F}.Release|x64.ActiveCfg = Release|x64
		{03A3A6DF-8FF8-4DDF-A237-F3EAF965D33F}.Release|x64.Build.0 = Release|x64
		{03A3A6DF-8FF8-4DDF-A237-F3EAF965D33F}.Release|x86.ActiveCfg = Release|Win32
		{03A3A6DF-8FF8-4DDF-A237-F3EAF965D33F}.Release|x86.Build.0 = Release|Win32
		{A24EC32C-F98C-40EA-89BB-23B2E425D783}.Debug|x64.ActiveCfg = Debug|x64
		{A24EC32C-F98C-40EA-89BB-23B2E425D783}.Debug|x64.Build.0 = Debug|x64
		{A24EC32C-F98C-40EA-89BB-23B2E425D783}.Debug|x86.ActiveCfg = Debug|Win32
		{A24EC32C-F98C-40EA-89BB-23B2E425D783}.Debug|x86.Build.0 = Debug|Win32
		{A24EC32C-F98C-40EA-89BB-23B2E425D783}.Release|x64.ActiveCfg = Release|x64
		{A24EC32C-F98C-40EA-89BB-23B2E425D783}.Release|x64.Build.0 = Release|x64
		{A24EC32C-F98C-40EA-89BB-23B2E425D783}.Release|x86.ActiveCfg = Release|Win32
		{A24EC32C-F98C-40EA-89BB-23B2E425D783}.Release|x86.Build.0 = Release|Win32
	EndGlobalSection
	GlobalSection(SolutionProperties) = preSolution
		HideSolutionNode = FALSE
	EndGlobalSection
EndGlobal
