
Microsoft Visual Studio Solution File, Format Version 12.00
# Visual Studio 14
VisualStudioVersion = 14.0.25420.1
MinimumVisualStudioVersion = 10.0.40219.1
Project("{8BC9CEB8-8B4A-11D0-8D11-00A0C91BC942}") = "Test", "Test\Test.vcxproj", "{EB660969-7605-4D5F-9A32-E3150D454605}"
EndProject
Project("{8BC9CEB8-8B4A-11D0-8D11-00A0C91BC942}") = "rotateint", "..\rotateint\rotateint.vcxproj", "{61B1F909-2CC8-4CCA-B591-885037A36C46}"
EndProject
Project("{8BC9CEB8-8B4A-11D0-8D11-00A0C91BC942}") = "rateofinterest", "..\rateofinterest\rateofinterest.vcxproj", "{BC844C75-1F5E-4A63-8D14-EDC20241DC7C}"
EndProject
Global
	GlobalSection(SolutionConfigurationPlatforms) = preSolution
		Debug|x64 = Debug|x64
		Debug|x86 = Debug|x86
		Release|x64 = Release|x64
		Release|x86 = Release|x86
	EndGlobalSection
	GlobalSection(ProjectConfigurationPlatforms) = postSolution
		{EB660969-7605-4D5F-9A32-E3150D454605}.Debug|x64.ActiveCfg = Debug|x64
		{EB660969-7605-4D5F-9A32-E3150D454605}.Debug|x64.Build.0 = Debug|x64
		{EB660969-7605-4D5F-9A32-E3150D454605}.Debug|x86.ActiveCfg = Debug|Win32
		{EB660969-7605-4D5F-9A32-E3150D454605}.Debug|x86.Build.0 = Debug|Win32
		{EB660969-7605-4D5F-9A32-E3150D454605}.Release|x64.ActiveCfg = Release|x64
		{EB660969-7605-4D5F-9A32-E3150D454605}.Release|x64.Build.0 = Release|x64
		{EB660969-7605-4D5F-9A32-E3150D454605}.Release|x86.ActiveCfg = Release|Win32
		{EB660969-7605-4D5F-9A32-E3150D454605}.Release|x86.Build.0 = Release|Win32
		{61B1F909-2CC8-4CCA-B591-885037A36C46}.Debug|x64.ActiveCfg = Debug|x64
		{61B1F909-2CC8-4CCA-B591-885037A36C46}.Debug|x64.Build.0 = Debug|x64
		{61B1F909-2CC8-4CCA-B591-885037A36C46}.Debug|x86.ActiveCfg = Debug|Win32
		{61B1F909-2CC8-4CCA-B591-885037A36C46}.Debug|x86.Build.0 = Debug|Win32
		{61B1F909-2CC8-4CCA-B591-885037A36C46}.Release|x64.ActiveCfg = Release|x64
		{61B1F909-2CC8-4CCA-B591-885037A36C46}.Release|x64.Build.0 = Release|x64
		{61B1F909-2CC8-4CCA-B591-885037A36C46}.Release|x86.ActiveCfg = Release|Win32
		{61B1F909-2CC8-4CCA-B591-885037A36C46}.Release|x86.Build.0 = Release|Win32
		{BC844C75-1F5E-4A63-8D14-EDC20241DC7C}.Debug|x64.ActiveCfg = Debug|x64
		{BC844C75-1F5E-4A63-8D14-EDC20241DC7C}.Debug|x64.Build.0 = Debug|x64
		{BC844C75-1F5E-4A63-8D14-EDC20241DC7C}.Debug|x86.ActiveCfg = Debug|Win32
		{BC844C75-1F5E-4A63-8D14-EDC20241DC7C}.Debug|x86.Build.0 = Debug|Win32
		{BC844C75-1F5E-4A63-8D14-EDC20241DC7C}.Release|x64.ActiveCfg = Release|x64
		{BC844C75-1F5E-4A63-8D14-EDC20241DC7C}.Release|x64.Build.0 = Release|x64
		{BC844C75-1F5E-4A63-8D14-EDC20241DC7C}.Release|x86.ActiveCfg = Release|Win32
		{BC844C75-1F5E-4A63-8D14-EDC20241DC7C}.Release|x86.Build.0 = Release|Win32
	EndGlobalSection
	GlobalSection(SolutionProperties) = preSolution
		HideSolutionNode = FALSE
	EndGlobalSection
EndGlobal
